
Microsoft Visual Studio Solution File, Format Version 12.00
# Visual Studio Version 16
VisualStudioVersion = 25.0.1706.6
MinimumVisualStudioVersion = 10.0.40219.1
Project("{FAE04EC0-301F-11D3-BF4B-00C04F79EFBC}") = "AuctionService", "src\AuctionService\AuctionService.csproj", "{435415BB-77A1-498A-988E-262A091F3E09}"
EndProject
Project("{FAE04EC0-301F-11D3-BF4B-00C04F79EFBC}") = "Contracts", "src\Contracts\Contracts.csproj", "{904AA7A5-C5BB-42D3-B61F-103903495251}"
EndProject
Project("{FAE04EC0-301F-11D3-BF4B-00C04F79EFBC}") = "GatewayService", "src\GatewayService\GatewayService.csproj", "{92B38D1F-1DE4-4BB4-B700-FBCD320CAD46}"
EndProject
Project("{FAE04EC0-301F-11D3-BF4B-00C04F79EFBC}") = "IdentityService", "src\IdentityService\IdentityService.csproj", "{7A3E507E-FDBD-4157-BCAC-C3CA8EE00B5B}"
EndProject
Project("{FAE04EC0-301F-11D3-BF4B-00C04F79EFBC}") = "SearchService", "src\SearchService\SearchService.csproj", "{925B7312-CA78-4EFF-89FA-C925BC7D0611}"
EndProject
Project("{2150E333-8FDC-42A3-9474-1A3956D46DE8}") = "src", "src", "{476E2E44-8E97-405F-AF23-A69BD1B32A1D}"
EndProject
Project("{FAE04EC0-301F-11D3-BF4B-00C04F79EFBC}") = "BiddingService", "src\BiddingService\BiddingService.csproj", "{5B979272-0F0E-4E9C-9A13-3E29C7E0845E}"
EndProject
Global
	GlobalSection(SolutionConfigurationPlatforms) = preSolution
		Debug|Any CPU = Debug|Any CPU
		Release|Any CPU = Release|Any CPU
	EndGlobalSection
	GlobalSection(ProjectConfigurationPlatforms) = postSolution
		{435415BB-77A1-498A-988E-262A091F3E09}.Debug|Any CPU.ActiveCfg = Debug|Any CPU
		{435415BB-77A1-498A-988E-262A091F3E09}.Debug|Any CPU.Build.0 = Debug|Any CPU
		{435415BB-77A1-498A-988E-262A091F3E09}.Release|Any CPU.ActiveCfg = Release|Any CPU
		{435415BB-77A1-498A-988E-262A091F3E09}.Release|Any CPU.Build.0 = Release|Any CPU
		{904AA7A5-C5BB-42D3-B61F-103903495251}.Debug|Any CPU.ActiveCfg = Debug|Any CPU
		{904AA7A5-C5BB-42D3-B61F-103903495251}.Debug|Any CPU.Build.0 = Debug|Any CPU
		{904AA7A5-C5BB-42D3-B61F-103903495251}.Release|Any CPU.ActiveCfg = Release|Any CPU
		{904AA7A5-C5BB-42D3-B61F-103903495251}.Release|Any CPU.Build.0 = Release|Any CPU
		{92B38D1F-1DE4-4BB4-B700-FBCD320CAD46}.Debug|Any CPU.ActiveCfg = Debug|Any CPU
		{92B38D1F-1DE4-4BB4-B700-FBCD320CAD46}.Debug|Any CPU.Build.0 = Debug|Any CPU
		{92B38D1F-1DE4-4BB4-B700-FBCD320CAD46}.Release|Any CPU.ActiveCfg = Release|Any CPU
		{92B38D1F-1DE4-4BB4-B700-FBCD320CAD46}.Release|Any CPU.Build.0 = Release|Any CPU
		{7A3E507E-FDBD-4157-BCAC-C3CA8EE00B5B}.Debug|Any CPU.ActiveCfg = Debug|Any CPU
		{7A3E507E-FDBD-4157-BCAC-C3CA8EE00B5B}.Debug|Any CPU.Build.0 = Debug|Any CPU
		{7A3E507E-FDBD-4157-BCAC-C3CA8EE00B5B}.Release|Any CPU.ActiveCfg = Release|Any CPU
		{7A3E507E-FDBD-4157-BCAC-C3CA8EE00B5B}.Release|Any CPU.Build.0 = Release|Any CPU
		{925B7312-CA78-4EFF-89FA-C925BC7D0611}.Debug|Any CPU.ActiveCfg = Debug|Any CPU
		{925B7312-CA78-4EFF-89FA-C925BC7D0611}.Debug|Any CPU.Build.0 = Debug|Any CPU
		{925B7312-CA78-4EFF-89FA-C925BC7D0611}.Release|Any CPU.ActiveCfg = Release|Any CPU
		{925B7312-CA78-4EFF-89FA-C925BC7D0611}.Release|Any CPU.Build.0 = Release|Any CPU
		{5B979272-0F0E-4E9C-9A13-3E29C7E0845E}.Debug|Any CPU.ActiveCfg = Debug|Any CPU
		{5B979272-0F0E-4E9C-9A13-3E29C7E0845E}.Debug|Any CPU.Build.0 = Debug|Any CPU
		{5B979272-0F0E-4E9C-9A13-3E29C7E0845E}.Release|Any CPU.ActiveCfg = Release|Any CPU
		{5B979272-0F0E-4E9C-9A13-3E29C7E0845E}.Release|Any CPU.Build.0 = Release|Any CPU
	EndGlobalSection
	GlobalSection(SolutionProperties) = preSolution
		HideSolutionNode = FALSE
	EndGlobalSection
	GlobalSection(ExtensibilityGlobals) = postSolution
		SolutionGuid = {4E48DBD5-39AF-419E-A879-64C9FB7A2F98}
	EndGlobalSection
	GlobalSection(NestedProjects) = preSolution
		{5B979272-0F0E-4E9C-9A13-3E29C7E0845E} = {476E2E44-8E97-405F-AF23-A69BD1B32A1D}
	EndGlobalSection
EndGlobal
