
Microsoft Visual Studio Solution File, Format Version 12.00
# Visual Studio Version 16
VisualStudioVersion = 25.0.1706.6
MinimumVisualStudioVersion = 10.0.40219.1
Project("{FAE04EC0-301F-11D3-BF4B-00C04F79EFBC}") = "AuctionService", "AuctionService\AuctionService.csproj", "{9C663627-2A85-4AF8-8BF4-67E7C4CD8A6A}"
EndProject
Project("{2150E333-8FDC-42A3-9474-1A3956D46DE8}") = "src", "src", "{93144128-60CD-441D-A28B-B86DCA4399D2}"
EndProject
Project("{FAE04EC0-301F-11D3-BF4B-00C04F79EFBC}") = "SearchService", "SearchService\SearchService.csproj", "{4EB692C6-582A-437D-A60C-79F58D8D64D5}"
EndProject
Project("{FAE04EC0-301F-11D3-BF4B-00C04F79EFBC}") = "Contracts", "Contracts\Contracts.csproj", "{5F3EC022-9F69-4742-B13D-CF887C4E3197}"
EndProject
Global
	GlobalSection(SolutionConfigurationPlatforms) = preSolution
		Debug|Any CPU = Debug|Any CPU
		Release|Any CPU = Release|Any CPU
	EndGlobalSection
	GlobalSection(ProjectConfigurationPlatforms) = postSolution
		{9C663627-2A85-4AF8-8BF4-67E7C4CD8A6A}.Debug|Any CPU.ActiveCfg = Debug|Any CPU
		{9C663627-2A85-4AF8-8BF4-67E7C4CD8A6A}.Debug|Any CPU.Build.0 = Debug|Any CPU
		{9C663627-2A85-4AF8-8BF4-67E7C4CD8A6A}.Release|Any CPU.ActiveCfg = Release|Any CPU
		{9C663627-2A85-4AF8-8BF4-67E7C4CD8A6A}.Release|Any CPU.Build.0 = Release|Any CPU
		{4EB692C6-582A-437D-A60C-79F58D8D64D5}.Debug|Any CPU.ActiveCfg = Debug|Any CPU
		{4EB692C6-582A-437D-A60C-79F58D8D64D5}.Debug|Any CPU.Build.0 = Debug|Any CPU
		{4EB692C6-582A-437D-A60C-79F58D8D64D5}.Release|Any CPU.ActiveCfg = Release|Any CPU
		{4EB692C6-582A-437D-A60C-79F58D8D64D5}.Release|Any CPU.Build.0 = Release|Any CPU
		{5F3EC022-9F69-4742-B13D-CF887C4E3197}.Debug|Any CPU.ActiveCfg = Debug|Any CPU
		{5F3EC022-9F69-4742-B13D-CF887C4E3197}.Debug|Any CPU.Build.0 = Debug|Any CPU
		{5F3EC022-9F69-4742-B13D-CF887C4E3197}.Release|Any CPU.ActiveCfg = Release|Any CPU
		{5F3EC022-9F69-4742-B13D-CF887C4E3197}.Release|Any CPU.Build.0 = Release|Any CPU
	EndGlobalSection
	GlobalSection(SolutionProperties) = preSolution
		HideSolutionNode = FALSE
	EndGlobalSection
	GlobalSection(ExtensibilityGlobals) = postSolution
		SolutionGuid = {4E48DBD5-39AF-419E-A879-64C9FB7A2F98}
	EndGlobalSection
	GlobalSection(NestedProjects) = preSolution
		{9C663627-2A85-4AF8-8BF4-67E7C4CD8A6A} = {93144128-60CD-441D-A28B-B86DCA4399D2}
		{4EB692C6-582A-437D-A60C-79F58D8D64D5} = {93144128-60CD-441D-A28B-B86DCA4399D2}
		{5F3EC022-9F69-4742-B13D-CF887C4E3197} = {93144128-60CD-441D-A28B-B86DCA4399D2}
	EndGlobalSection
EndGlobal
